
Microsoft Visual Studio Solution File, Format Version 12.00
# Visual Studio Version 16
VisualStudioVersion = 16.0.31321.278
MinimumVisualStudioVersion = 10.0.40219.1
Project("{FAE04EC0-301F-11D3-BF4B-00C04F79EFBC}") = "Debugging", "Debugging\Debugging.csproj", "{895200F9-5D49-40B3-96E3-443A6C93940B}"
EndProject
Global
	GlobalSection(SolutionConfigurationPlatforms) = preSolution
		Debug|Any CPU = Debug|Any CPU
		Release|Any CPU = Release|Any CPU
	EndGlobalSection
	GlobalSection(ProjectConfigurationPlatforms) = postSolution
		{895200F9-5D49-40B3-96E3-443A6C93940B}.Debug|Any CPU.ActiveCfg = Debug|Any CPU
		{895200F9-5D49-40B3-96E3-443A6C93940B}.Debug|Any CPU.Build.0 = Debug|Any CPU
		{895200F9-5D49-40B3-96E3-443A6C93940B}.Release|Any CPU.ActiveCfg = Release|Any CPU
		{895200F9-5D49-40B3-96E3-443A6C93940B}.Release|Any CPU.Build.0 = Release|Any CPU
	EndGlobalSection
	GlobalSection(SolutionProperties) = preSolution
		HideSolutionNode = FALSE
	EndGlobalSection
	GlobalSection(ExtensibilityGlobals) = postSolution
		SolutionGuid = {E2253960-CBA8-4382-BCDC-0E46017168AC}
	EndGlobalSection
EndGlobal
