
Microsoft Visual Studio Solution File, Format Version 12.00
# Visual Studio Version 16
VisualStudioVersion = 16.0.31321.278
MinimumVisualStudioVersion = 10.0.40219.1
Project("{FAE04EC0-301F-11D3-BF4B-00C04F79EFBC}") = "Exercise123", "Exercise123\Exercise123.csproj", "{D309B0F1-AD81-4EFB-B46D-A39526D0E2E8}"
EndProject
Global
	GlobalSection(SolutionConfigurationPlatforms) = preSolution
		Debug|Any CPU = Debug|Any CPU
		Release|Any CPU = Release|Any CPU
	EndGlobalSection
	GlobalSection(ProjectConfigurationPlatforms) = postSolution
		{D309B0F1-AD81-4EFB-B46D-A39526D0E2E8}.Debug|Any CPU.ActiveCfg = Debug|Any CPU
		{D309B0F1-AD81-4EFB-B46D-A39526D0E2E8}.Debug|Any CPU.Build.0 = Debug|Any CPU
		{D309B0F1-AD81-4EFB-B46D-A39526D0E2E8}.Release|Any CPU.ActiveCfg = Release|Any CPU
		{D309B0F1-AD81-4EFB-B46D-A39526D0E2E8}.Release|Any CPU.Build.0 = Release|Any CPU
	EndGlobalSection
	GlobalSection(SolutionProperties) = preSolution
		HideSolutionNode = FALSE
	EndGlobalSection
	GlobalSection(ExtensibilityGlobals) = postSolution
		SolutionGuid = {61261FAE-F76D-4A7E-AE56-F6D6172997C1}
	EndGlobalSection
EndGlobal
