
Microsoft Visual Studio Solution File, Format Version 12.00
# Visual Studio Version 16
VisualStudioVersion = 16.0.31321.278
MinimumVisualStudioVersion = 10.0.40219.1
Project("{FAE04EC0-301F-11D3-BF4B-00C04F79EFBC}") = "Exercise133", "Exercise133\Exercise133.csproj", "{A2B50C96-7084-4D79-8360-4B01617AA5BA}"
EndProject
Global
	GlobalSection(SolutionConfigurationPlatforms) = preSolution
		Debug|Any CPU = Debug|Any CPU
		Release|Any CPU = Release|Any CPU
	EndGlobalSection
	GlobalSection(ProjectConfigurationPlatforms) = postSolution
		{A2B50C96-7084-4D79-8360-4B01617AA5BA}.Debug|Any CPU.ActiveCfg = Debug|Any CPU
		{A2B50C96-7084-4D79-8360-4B01617AA5BA}.Debug|Any CPU.Build.0 = Debug|Any CPU
		{A2B50C96-7084-4D79-8360-4B01617AA5BA}.Release|Any CPU.ActiveCfg = Release|Any CPU
		{A2B50C96-7084-4D79-8360-4B01617AA5BA}.Release|Any CPU.Build.0 = Release|Any CPU
	EndGlobalSection
	GlobalSection(SolutionProperties) = preSolution
		HideSolutionNode = FALSE
	EndGlobalSection
	GlobalSection(ExtensibilityGlobals) = postSolution
		SolutionGuid = {6EE230CB-4074-403F-BCE8-767937ABA35E}
	EndGlobalSection
EndGlobal
