
Microsoft Visual Studio Solution File, Format Version 12.00
# Visual Studio Version 16
VisualStudioVersion = 16.0.31321.278
MinimumVisualStudioVersion = 10.0.40219.1
Project("{FAE04EC0-301F-11D3-BF4B-00C04F79EFBC}") = "DataOutputExercicio1", "DataOutputExercicio1\DataOutputExercicio1.csproj", "{0282927F-62BC-41AE-9177-10EBC68F1C64}"
EndProject
Global
	GlobalSection(SolutionConfigurationPlatforms) = preSolution
		Debug|Any CPU = Debug|Any CPU
		Release|Any CPU = Release|Any CPU
	EndGlobalSection
	GlobalSection(ProjectConfigurationPlatforms) = postSolution
		{0282927F-62BC-41AE-9177-10EBC68F1C64}.Debug|Any CPU.ActiveCfg = Debug|Any CPU
		{0282927F-62BC-41AE-9177-10EBC68F1C64}.Debug|Any CPU.Build.0 = Debug|Any CPU
		{0282927F-62BC-41AE-9177-10EBC68F1C64}.Release|Any CPU.ActiveCfg = Release|Any CPU
		{0282927F-62BC-41AE-9177-10EBC68F1C64}.Release|Any CPU.Build.0 = Release|Any CPU
	EndGlobalSection
	GlobalSection(SolutionProperties) = preSolution
		HideSolutionNode = FALSE
	EndGlobalSection
	GlobalSection(ExtensibilityGlobals) = postSolution
		SolutionGuid = {129D1AA8-E497-475E-B808-35F5BA787B2A}
	EndGlobalSection
EndGlobal
